
Microsoft Visual Studio Solution File, Format Version 12.00
# Visual Studio Version 16
VisualStudioVersion = 16.0.31019.194
MinimumVisualStudioVersion = 10.0.40219.1
Project("{FAE04EC0-301F-11D3-BF4B-00C04F79EFBC}") = "BackEnd", "BackEnd\BackEnd.csproj", "{BD87567F-5458-4CBA-ADA9-53A73DAAB495}"
EndProject
Global
	GlobalSection(SolutionConfigurationPlatforms) = preSolution
		Debug|Any CPU = Debug|Any CPU
		Release|Any CPU = Release|Any CPU
	EndGlobalSection
	GlobalSection(ProjectConfigurationPlatforms) = postSolution
		{BD87567F-5458-4CBA-ADA9-53A73DAAB495}.Debug|Any CPU.ActiveCfg = Debug|Any CPU
		{BD87567F-5458-4CBA-ADA9-53A73DAAB495}.Debug|Any CPU.Build.0 = Debug|Any CPU
		{BD87567F-5458-4CBA-ADA9-53A73DAAB495}.Release|Any CPU.ActiveCfg = Release|Any CPU
		{BD87567F-5458-4CBA-ADA9-53A73DAAB495}.Release|Any CPU.Build.0 = Release|Any CPU
	EndGlobalSection
	GlobalSection(SolutionProperties) = preSolution
		HideSolutionNode = FALSE
	EndGlobalSection
	GlobalSection(ExtensibilityGlobals) = postSolution
		SolutionGuid = {BFAC5A1B-F12C-46F2-B148-4AA5EC56D8E6}
	EndGlobalSection
EndGlobal
